
Microsoft Visual Studio Solution File, Format Version 12.00
# Visual Studio Version 17
VisualStudioVersion = 17.5.33516.290
MinimumVisualStudioVersion = 10.0.40219.1
Project("{9A19103F-16F7-4668-BE54-9A1E7A4F7556}") = "SharedLibrary", "SharedLibrary\SharedLibrary.csproj", "{20949779-372F-4DD3-9179-5C3337665093}"
EndProject
Project("{9A19103F-16F7-4668-BE54-9A1E7A4F7556}") = "BusinessDomain", "BusinessDomain\BusinessDomain.csproj", "{F59F3E4F-47F0-4AC5-9C04-AD0D994C3991}"
EndProject
Project("{9A19103F-16F7-4668-BE54-9A1E7A4F7556}") = "DataAccess", "DataAccess\DataAccess.csproj", "{ACAF267B-F695-4A4D-B875-CF013AF5B00C}"
EndProject
Project("{9A19103F-16F7-4668-BE54-9A1E7A4F7556}") = "ArelympApi", "ArelympApi\ArelympApi.csproj", "{2488FAD7-0F59-4A6F-916A-0DC6226BC060}"
EndProject
Project("{9A19103F-16F7-4668-BE54-9A1E7A4F7556}") = "Cache", "Cache\Cache.csproj", "{A78699FB-A97C-4608-8C0A-347B78815DEB}"
EndProject
Global
	GlobalSection(SolutionConfigurationPlatforms) = preSolution
		Debug|Any CPU = Debug|Any CPU
		Release|Any CPU = Release|Any CPU
	EndGlobalSection
	GlobalSection(ProjectConfigurationPlatforms) = postSolution
		{20949779-372F-4DD3-9179-5C3337665093}.Debug|Any CPU.ActiveCfg = Debug|Any CPU
		{20949779-372F-4DD3-9179-5C3337665093}.Debug|Any CPU.Build.0 = Debug|Any CPU
		{20949779-372F-4DD3-9179-5C3337665093}.Release|Any CPU.ActiveCfg = Release|Any CPU
		{20949779-372F-4DD3-9179-5C3337665093}.Release|Any CPU.Build.0 = Release|Any CPU
		{F59F3E4F-47F0-4AC5-9C04-AD0D994C3991}.Debug|Any CPU.ActiveCfg = Debug|Any CPU
		{F59F3E4F-47F0-4AC5-9C04-AD0D994C3991}.Debug|Any CPU.Build.0 = Debug|Any CPU
		{F59F3E4F-47F0-4AC5-9C04-AD0D994C3991}.Release|Any CPU.ActiveCfg = Release|Any CPU
		{F59F3E4F-47F0-4AC5-9C04-AD0D994C3991}.Release|Any CPU.Build.0 = Release|Any CPU
		{ACAF267B-F695-4A4D-B875-CF013AF5B00C}.Debug|Any CPU.ActiveCfg = Debug|Any CPU
		{ACAF267B-F695-4A4D-B875-CF013AF5B00C}.Debug|Any CPU.Build.0 = Debug|Any CPU
		{ACAF267B-F695-4A4D-B875-CF013AF5B00C}.Release|Any CPU.ActiveCfg = Release|Any CPU
		{ACAF267B-F695-4A4D-B875-CF013AF5B00C}.Release|Any CPU.Build.0 = Release|Any CPU
		{2488FAD7-0F59-4A6F-916A-0DC6226BC060}.Debug|Any CPU.ActiveCfg = Debug|Any CPU
		{2488FAD7-0F59-4A6F-916A-0DC6226BC060}.Debug|Any CPU.Build.0 = Debug|Any CPU
		{2488FAD7-0F59-4A6F-916A-0DC6226BC060}.Release|Any CPU.ActiveCfg = Release|Any CPU
		{2488FAD7-0F59-4A6F-916A-0DC6226BC060}.Release|Any CPU.Build.0 = Release|Any CPU
		{A78699FB-A97C-4608-8C0A-347B78815DEB}.Debug|Any CPU.ActiveCfg = Debug|Any CPU
		{A78699FB-A97C-4608-8C0A-347B78815DEB}.Debug|Any CPU.Build.0 = Debug|Any CPU
		{A78699FB-A97C-4608-8C0A-347B78815DEB}.Release|Any CPU.ActiveCfg = Release|Any CPU
		{A78699FB-A97C-4608-8C0A-347B78815DEB}.Release|Any CPU.Build.0 = Release|Any CPU
	EndGlobalSection
	GlobalSection(SolutionProperties) = preSolution
		HideSolutionNode = FALSE
	EndGlobalSection
	GlobalSection(ExtensibilityGlobals) = postSolution
		SolutionGuid = {D54638A4-A2B1-42C2-A8F8-6622623DFA7F}
	EndGlobalSection
EndGlobal
